
Microsoft Visual Studio Solution File, Format Version 12.00
# Visual Studio Version 17
VisualStudioVersion = 17.3.32929.385
MinimumVisualStudioVersion = 10.0.40219.1
Project("{9A19103F-16F7-4668-BE54-9A1E7A4F7556}") = "WholeSaleApp.Server", "WholeSaleApp\Server\WholeSaleApp.Server.csproj", "{55DCB26B-FB43-4A26-AAC5-200E4284725B}"
EndProject
Project("{9A19103F-16F7-4668-BE54-9A1E7A4F7556}") = "WholeSaleApp.Client", "WholeSaleApp\Client\WholeSaleApp.Client.csproj", "{C68CDDED-2E0A-4E0D-A434-F0365988F92E}"
EndProject
Project("{9A19103F-16F7-4668-BE54-9A1E7A4F7556}") = "WholeSaleApp.Shared", "WholeSaleApp\Shared\WholeSaleApp.Shared.csproj", "{4DD3F269-B629-4FBF-A7CA-61F97873AE87}"
EndProject
Global
	GlobalSection(SolutionConfigurationPlatforms) = preSolution
		Debug|Any CPU = Debug|Any CPU
		Release|Any CPU = Release|Any CPU
	EndGlobalSection
	GlobalSection(ProjectConfigurationPlatforms) = postSolution
		{55DCB26B-FB43-4A26-AAC5-200E4284725B}.Debug|Any CPU.ActiveCfg = Debug|Any CPU
		{55DCB26B-FB43-4A26-AAC5-200E4284725B}.Debug|Any CPU.Build.0 = Debug|Any CPU
		{55DCB26B-FB43-4A26-AAC5-200E4284725B}.Release|Any CPU.ActiveCfg = Release|Any CPU
		{55DCB26B-FB43-4A26-AAC5-200E4284725B}.Release|Any CPU.Build.0 = Release|Any CPU
		{C68CDDED-2E0A-4E0D-A434-F0365988F92E}.Debug|Any CPU.ActiveCfg = Debug|Any CPU
		{C68CDDED-2E0A-4E0D-A434-F0365988F92E}.Debug|Any CPU.Build.0 = Debug|Any CPU
		{C68CDDED-2E0A-4E0D-A434-F0365988F92E}.Release|Any CPU.ActiveCfg = Release|Any CPU
		{C68CDDED-2E0A-4E0D-A434-F0365988F92E}.Release|Any CPU.Build.0 = Release|Any CPU
		{4DD3F269-B629-4FBF-A7CA-61F97873AE87}.Debug|Any CPU.ActiveCfg = Debug|Any CPU
		{4DD3F269-B629-4FBF-A7CA-61F97873AE87}.Debug|Any CPU.Build.0 = Debug|Any CPU
		{4DD3F269-B629-4FBF-A7CA-61F97873AE87}.Release|Any CPU.ActiveCfg = Release|Any CPU
		{4DD3F269-B629-4FBF-A7CA-61F97873AE87}.Release|Any CPU.Build.0 = Release|Any CPU
	EndGlobalSection
	GlobalSection(SolutionProperties) = preSolution
		HideSolutionNode = FALSE
	EndGlobalSection
	GlobalSection(ExtensibilityGlobals) = postSolution
		SolutionGuid = {6632E7ED-CE86-47AF-96AB-F604F12522C5}
	EndGlobalSection
EndGlobal
